// !$*UTF8*$!
{
	archiveVersion = 1;
	classes = {
	};
	objectVersion = 56;
	objects = {

/* Begin PBXBuildFile section */
		A01B3B3D2C0BFB4900150C96 /* ASLClassifier.mlmodel in Sources */ = {isa = PBXBuildFile; fileRef = A01B3B3C2C0BFB4900150C96 /* ASLClassifier.mlmodel */; };
		A01B3B3F2C0BFD1200150C96 /* VideoProcessor.swift in Sources */ = {isa = PBXBuildFile; fileRef = A01B3B3E2C0BFD1200150C96 /* VideoProcessor.swift */; };
		A01B3B412C0C028200150C96 /* sign_language_video.mp4 in Resources */ = {isa = PBXBuildFile; fileRef = A01B3B402C0C028200150C96 /* sign_language_video.mp4 */; };
		A0D338902C0B9B54009E9595 /* ASL_VisionApp.swift in Sources */ = {isa = PBXBuildFile; fileRef = A0D3388F2C0B9B54009E9595 /* ASL_VisionApp.swift */; };
		A0D338922C0B9B54009E9595 /* ContentView.swift in Sources */ = {isa = PBXBuildFile; fileRef = A0D338912C0B9B54009E9595 /* ContentView.swift */; };
		A0D338942C0B9B56009E9595 /* Assets.xcassets in Resources */ = {isa = PBXBuildFile; fileRef = A0D338932C0B9B56009E9595 /* Assets.xcassets */; };
		A0D338982C0B9B56009E9595 /* Preview Assets.xcassets in Resources */ = {isa = PBXBuildFile; fileRef = A0D338972C0B9B56009E9595 /* Preview Assets.xcassets */; };
		A0D338A22C0B9B56009E9595 /* ASL_VisionTests.swift in Sources */ = {isa = PBXBuildFile; fileRef = A0D338A12C0B9B56009E9595 /* ASL_VisionTests.swift */; };
		A0D338AC2C0B9B56009E9595 /* ASL_VisionUITests.swift in Sources */ = {isa = PBXBuildFile; fileRef = A0D338AB2C0B9B56009E9595 /* ASL_VisionUITests.swift */; };
		A0D338AE2C0B9B56009E9595 /* ASL_VisionUITestsLaunchTests.swift in Sources */ = {isa = PBXBuildFile; fileRef = A0D338AD2C0B9B56009E9595 /* ASL_VisionUITestsLaunchTests.swift */; };
/* End PBXBuildFile section */

/* Begin PBXContainerItemProxy section */
		A0D3389E2C0B9B56009E9595 /* PBXContainerItemProxy */ = {
			isa = PBXContainerItemProxy;
			containerPortal = A0D338842C0B9B54009E9595 /* Project object */;
			proxyType = 1;
			remoteGlobalIDString = A0D3388B2C0B9B54009E9595;
			remoteInfo = "ASL-Vision";
		};
		A0D338A82C0B9B56009E9595 /* PBXContainerItemProxy */ = {
			isa = PBXContainerItemProxy;
			containerPortal = A0D338842C0B9B54009E9595 /* Project object */;
			proxyType = 1;
			remoteGlobalIDString = A0D3388B2C0B9B54009E9595;
			remoteInfo = "ASL-Vision";
		};
/* End PBXContainerItemProxy section */

/* Begin PBXFileReference section */
		A01B3B3C2C0BFB4900150C96 /* ASLClassifier.mlmodel */ = {isa = PBXFileReference; lastKnownFileType = file.mlmodel; path = ASLClassifier.mlmodel; sourceTree = "<group>"; };
		A01B3B3E2C0BFD1200150C96 /* VideoProcessor.swift */ = {isa = PBXFileReference; lastKnownFileType = sourcecode.swift; path = VideoProcessor.swift; sourceTree = "<group>"; };
		A01B3B402C0C028200150C96 /* sign_language_video.mp4 */ = {isa = PBXFileReference; lastKnownFileType = file; path = sign_language_video.mp4; sourceTree = "<group>"; };
		A0D3388C2C0B9B54009E9595 /* ASL-Vision.app */ = {isa = PBXFileReference; explicitFileType = wrapper.application; includeInIndex = 0; path = "ASL-Vision.app"; sourceTree = BUILT_PRODUCTS_DIR; };
		A0D3388F2C0B9B54009E9595 /* ASL_VisionApp.swift */ = {isa = PBXFileReference; lastKnownFileType = sourcecode.swift; path = ASL_VisionApp.swift; sourceTree = "<group>"; };
		A0D338912C0B9B54009E9595 /* ContentView.swift */ = {isa = PBXFileReference; lastKnownFileType = sourcecode.swift; path = ContentView.swift; sourceTree = "<group>"; };
		A0D338932C0B9B56009E9595 /* Assets.xcassets */ = {isa = PBXFileReference; lastKnownFileType = folder.assetcatalog; path = Assets.xcassets; sourceTree = "<group>"; };
		A0D338952C0B9B56009E9595 /* ASL_Vision.entitlements */ = {isa = PBXFileReference; lastKnownFileType = text.plist.entitlements; path = ASL_Vision.entitlements; sourceTree = "<group>"; };
		A0D338972C0B9B56009E9595 /* Preview Assets.xcassets */ = {isa = PBXFileReference; lastKnownFileType = folder.assetcatalog; path = "Preview Assets.xcassets"; sourceTree = "<group>"; };
		A0D3389D2C0B9B56009E9595 /* ASL-VisionTests.xctest */ = {isa = PBXFileReference; explicitFileType = wrapper.cfbundle; includeInIndex = 0; path = "ASL-VisionTests.xctest"; sourceTree = BUILT_PRODUCTS_DIR; };
		A0D338A12C0B9B56009E9595 /* ASL_VisionTests.swift */ = {isa = PBXFileReference; lastKnownFileType = sourcecode.swift; path = ASL_VisionTests.swift; sourceTree = "<group>"; };
		A0D338A72C0B9B56009E9595 /* ASL-VisionUITests.xctest */ = {isa = PBXFileReference; explicitFileType = wrapper.cfbundle; includeInIndex = 0; path = "ASL-VisionUITests.xctest"; sourceTree = BUILT_PRODUCTS_DIR; };
		A0D338AB2C0B9B56009E9595 /* ASL_VisionUITests.swift */ = {isa = PBXFileReference; lastKnownFileType = sourcecode.swift; path = ASL_VisionUITests.swift; sourceTree = "<group>"; };
		A0D338AD2C0B9B56009E9595 /* ASL_VisionUITestsLaunchTests.swift */ = {isa = PBXFileReference; lastKnownFileType = sourcecode.swift; path = ASL_VisionUITestsLaunchTests.swift; sourceTree = "<group>"; };
/* End PBXFileReference section */

/* Begin PBXFrameworksBuildPhase section */
		A0D338892C0B9B54009E9595 /* Frameworks */ = {
			isa = PBXFrameworksBuildPhase;
			buildActionMask = 2147483647;
			files = (
			);
			runOnlyForDeploymentPostprocessing = 0;
		};
		A0D3389A2C0B9B56009E9595 /* Frameworks */ = {
			isa = PBXFrameworksBuildPhase;
			buildActionMask = 2147483647;
			files = (
			);
			runOnlyForDeploymentPostprocessing = 0;
		};
		A0D338A42C0B9B56009E9595 /* Frameworks */ = {
			isa = PBXFrameworksBuildPhase;
			buildActionMask = 2147483647;
			files = (
			);
			runOnlyForDeploymentPostprocessing = 0;
		};
/* End PBXFrameworksBuildPhase section */

/* Begin PBXGroup section */
		A01B3B422C0CDB2200150C96 /* Assets */ = {
			isa = PBXGroup;
			children = (
				A0D338932C0B9B56009E9595 /* Assets.xcassets */,
				A01B3B402C0C028200150C96 /* sign_language_video.mp4 */,
			);
			path = Assets;
			sourceTree = "<group>";
		};
		A01B3B432C0CDB2C00150C96 /* ML Model */ = {
			isa = PBXGroup;
			children = (
				A01B3B3C2C0BFB4900150C96 /* ASLClassifier.mlmodel */,
			);
			path = "ML Model";
			sourceTree = "<group>";
		};
		A0D338832C0B9B54009E9595 = {
			isa = PBXGroup;
			children = (
				A0D3388E2C0B9B54009E9595 /* ASL-Vision */,
				A0D338A02C0B9B56009E9595 /* ASL-VisionTests */,
				A0D338AA2C0B9B56009E9595 /* ASL-VisionUITests */,
				A0D3388D2C0B9B54009E9595 /* Products */,
			);
			sourceTree = "<group>";
		};
		A0D3388D2C0B9B54009E9595 /* Products */ = {
			isa = PBXGroup;
			children = (
				A0D3388C2C0B9B54009E9595 /* ASL-Vision.app */,
				A0D3389D2C0B9B56009E9595 /* ASL-VisionTests.xctest */,
				A0D338A72C0B9B56009E9595 /* ASL-VisionUITests.xctest */,
			);
			name = Products;
			sourceTree = "<group>";
		};
		A0D3388E2C0B9B54009E9595 /* ASL-Vision */ = {
			isa = PBXGroup;
			children = (
				A01B3B432C0CDB2C00150C96 /* ML Model */,
				A0D3388F2C0B9B54009E9595 /* ASL_VisionApp.swift */,
				A0D338912C0B9B54009E9595 /* ContentView.swift */,
				A01B3B3E2C0BFD1200150C96 /* VideoProcessor.swift */,
				A01B3B422C0CDB2200150C96 /* Assets */,
				A0D338952C0B9B56009E9595 /* ASL_Vision.entitlements */,
				A0D338962C0B9B56009E9595 /* Preview Content */,
			);
			path = "ASL-Vision";
			sourceTree = "<group>";
		};
		A0D338962C0B9B56009E9595 /* Preview Content */ = {
			isa = PBXGroup;
			children = (
				A0D338972C0B9B56009E9595 /* Preview Assets.xcassets */,
			);
			path = "Preview Content";
			sourceTree = "<group>";
		};
		A0D338A02C0B9B56009E9595 /* ASL-VisionTests */ = {
			isa = PBXGroup;
			children = (
				A0D338A12C0B9B56009E9595 /* ASL_VisionTests.swift */,
			);
			path = "ASL-VisionTests";
			sourceTree = "<group>";
		};
		A0D338AA2C0B9B56009E9595 /* ASL-VisionUITests */ = {
			isa = PBXGroup;
			children = (
				A0D338AB2C0B9B56009E9595 /* ASL_VisionUITests.swift */,
				A0D338AD2C0B9B56009E9595 /* ASL_VisionUITestsLaunchTests.swift */,
			);
			path = "ASL-VisionUITests";
			sourceTree = "<group>";
		};
/* End PBXGroup section */

/* Begin PBXNativeTarget section */
		A0D3388B2C0B9B54009E9595 /* ASL-Vision */ = {
			isa = PBXNativeTarget;
			buildConfigurationList = A0D338B12C0B9B56009E9595 /* Build configuration list for PBXNativeTarget "ASL-Vision" */;
			buildPhases = (
				A0D338882C0B9B54009E9595 /* Sources */,
				A0D338892C0B9B54009E9595 /* Frameworks */,
				A0D3388A2C0B9B54009E9595 /* Resources */,
			);
			buildRules = (
			);
			dependencies = (
			);
			name = "ASL-Vision";
			productName = "ASL-Vision";
			productReference = A0D3388C2C0B9B54009E9595 /* ASL-Vision.app */;
			productType = "com.apple.product-type.application";
		};
		A0D3389C2C0B9B56009E9595 /* ASL-VisionTests */ = {
			isa = PBXNativeTarget;
			buildConfigurationList = A0D338B42C0B9B56009E9595 /* Build configuration list for PBXNativeTarget "ASL-VisionTests" */;
			buildPhases = (
				A0D338992C0B9B56009E9595 /* Sources */,
				A0D3389A2C0B9B56009E9595 /* Frameworks */,
				A0D3389B2C0B9B56009E9595 /* Resources */,
			);
			buildRules = (
			);
			dependencies = (
				A0D3389F2C0B9B56009E9595 /* PBXTargetDependency */,
			);
			name = "ASL-VisionTests";
			productName = "ASL-VisionTests";
			productReference = A0D3389D2C0B9B56009E9595 /* ASL-VisionTests.xctest */;
			productType = "com.apple.product-type.bundle.unit-test";
		};
		A0D338A62C0B9B56009E9595 /* ASL-VisionUITests */ = {
			isa = PBXNativeTarget;
			buildConfigurationList = A0D338B72C0B9B56009E9595 /* Build configuration list for PBXNativeTarget "ASL-VisionUITests" */;
			buildPhases = (
				A0D338A32C0B9B56009E9595 /* Sources */,
				A0D338A42C0B9B56009E9595 /* Frameworks */,
				A0D338A52C0B9B56009E9595 /* Resources */,
			);
			buildRules = (
			);
			dependencies = (
				A0D338A92C0B9B56009E9595 /* PBXTargetDependency */,
			);
			name = "ASL-VisionUITests";
			productName = "ASL-VisionUITests";
			productReference = A0D338A72C0B9B56009E9595 /* ASL-VisionUITests.xctest */;
			productType = "com.apple.product-type.bundle.ui-testing";
		};
/* End PBXNativeTarget section */

/* Begin PBXProject section */
		A0D338842C0B9B54009E9595 /* Project object */ = {
			isa = PBXProject;
			attributes = {
				BuildIndependentTargetsInParallel = 1;
				LastSwiftUpdateCheck = 1510;
				LastUpgradeCheck = 1510;
				TargetAttributes = {
					A0D3388B2C0B9B54009E9595 = {
						CreatedOnToolsVersion = 15.1;
					};
					A0D3389C2C0B9B56009E9595 = {
						CreatedOnToolsVersion = 15.1;
						TestTargetID = A0D3388B2C0B9B54009E9595;
					};
					A0D338A62C0B9B56009E9595 = {
						CreatedOnToolsVersion = 15.1;
						TestTargetID = A0D3388B2C0B9B54009E9595;
					};
				};
			};
			buildConfigurationList = A0D338872C0B9B54009E9595 /* Build configuration list for PBXProject "ASL-Vision" */;
			compatibilityVersion = "Xcode 14.0";
			developmentRegion = en;
			hasScannedForEncodings = 0;
			knownRegions = (
				en,
				Base,
			);
			mainGroup = A0D338832C0B9B54009E9595;
			productRefGroup = A0D3388D2C0B9B54009E9595 /* Products */;
			projectDirPath = "";
			projectRoot = "";
			targets = (
				A0D3388B2C0B9B54009E9595 /* ASL-Vision */,
				A0D3389C2C0B9B56009E9595 /* ASL-VisionTests */,
				A0D338A62C0B9B56009E9595 /* ASL-VisionUITests */,
			);
		};
/* End PBXProject section */

/* Begin PBXResourcesBuildPhase section */
		A0D3388A2C0B9B54009E9595 /* Resources */ = {
			isa = PBXResourcesBuildPhase;
			buildActionMask = 2147483647;
			files = (
				A0D338982C0B9B56009E9595 /* Preview Assets.xcassets in Resources */,
				A0D338942C0B9B56009E9595 /* Assets.xcassets in Resources */,
				A01B3B412C0C028200150C96 /* sign_language_video.mp4 in Resources */,
			);
			runOnlyForDeploymentPostprocessing = 0;
		};
		A0D3389B2C0B9B56009E9595 /* Resources */ = {
			isa = PBXResourcesBuildPhase;
			buildActionMask = 2147483647;
			files = (
			);
			runOnlyForDeploymentPostprocessing = 0;
		};
		A0D338A52C0B9B56009E9595 /* Resources */ = {
			isa = PBXResourcesBuildPhase;
			buildActionMask = 2147483647;
			files = (
			);
			runOnlyForDeploymentPostprocessing = 0;
		};
/* End PBXResourcesBuildPhase section */

/* Begin PBXSourcesBuildPhase section */
		A0D338882C0B9B54009E9595 /* Sources */ = {
			isa = PBXSourcesBuildPhase;
			buildActionMask = 2147483647;
			files = (
				A0D338922C0B9B54009E9595 /* ContentView.swift in Sources */,
				A01B3B3D2C0BFB4900150C96 /* ASLClassifier.mlmodel in Sources */,
				A01B3B3F2C0BFD1200150C96 /* VideoProcessor.swift in Sources */,
				A0D338902C0B9B54009E9595 /* ASL_VisionApp.swift in Sources */,
			);
			runOnlyForDeploymentPostprocessing = 0;
		};
		A0D338992C0B9B56009E9595 /* Sources */ = {
			isa = PBXSourcesBuildPhase;
			buildActionMask = 2147483647;
			files = (
				A0D338A22C0B9B56009E9595 /* ASL_VisionTests.swift in Sources */,
			);
			runOnlyForDeploymentPostprocessing = 0;
		};
		A0D338A32C0B9B56009E9595 /* Sources */ = {
			isa = PBXSourcesBuildPhase;
			buildActionMask = 2147483647;
			files = (
				A0D338AC2C0B9B56009E9595 /* ASL_VisionUITests.swift in Sources */,
				A0D338AE2C0B9B56009E9595 /* ASL_VisionUITestsLaunchTests.swift in Sources */,
			);
			runOnlyForDeploymentPostprocessing = 0;
		};
/* End PBXSourcesBuildPhase section */

/* Begin PBXTargetDependency section */
		A0D3389F2C0B9B56009E9595 /* PBXTargetDependency */ = {
			isa = PBXTargetDependency;
			target = A0D3388B2C0B9B54009E9595 /* ASL-Vision */;
			targetProxy = A0D3389E2C0B9B56009E9595 /* PBXContainerItemProxy */;
		};
		A0D338A92C0B9B56009E9595 /* PBXTargetDependency */ = {
			isa = PBXTargetDependency;
			target = A0D3388B2C0B9B54009E9595 /* ASL-Vision */;
			targetProxy = A0D338A82C0B9B56009E9595 /* PBXContainerItemProxy */;
		};
/* End PBXTargetDependency section */

/* Begin XCBuildConfiguration section */
		A0D338AF2C0B9B56009E9595 /* Debug */ = {
			isa = XCBuildConfiguration;
			buildSettings = {
				ALWAYS_SEARCH_USER_PATHS = NO;
				ASSETCATALOG_COMPILER_GENERATE_SWIFT_ASSET_SYMBOL_EXTENSIONS = YES;
				CLANG_ANALYZER_NONNULL = YES;
				CLANG_ANALYZER_NUMBER_OBJECT_CONVERSION = YES_AGGRESSIVE;
				CLANG_CXX_LANGUAGE_STANDARD = "gnu++20";
				CLANG_ENABLE_MODULES = YES;
				CLANG_ENABLE_OBJC_ARC = YES;
				CLANG_ENABLE_OBJC_WEAK = YES;
				CLANG_WARN_BLOCK_CAPTURE_AUTORELEASING = YES;
				CLANG_WARN_BOOL_CONVERSION = YES;
				CLANG_WARN_COMMA = YES;
				CLANG_WARN_CONSTANT_CONVERSION = YES;
				CLANG_WARN_DEPRECATED_OBJC_IMPLEMENTATIONS = YES;
				CLANG_WARN_DIRECT_OBJC_ISA_USAGE = YES_ERROR;
				CLANG_WARN_DOCUMENTATION_COMMENTS = YES;
				CLANG_WARN_EMPTY_BODY = YES;
				CLANG_WARN_ENUM_CONVERSION = YES;
				CLANG_WARN_INFINITE_RECURSION = YES;
				CLANG_WARN_INT_CONVERSION = YES;
				CLANG_WARN_NON_LITERAL_NULL_CONVERSION = YES;
				CLANG_WARN_OBJC_IMPLICIT_RETAIN_SELF = YES;
				CLANG_WARN_OBJC_LITERAL_CONVERSION = YES;
				CLANG_WARN_OBJC_ROOT_CLASS = YES_ERROR;
				CLANG_WARN_QUOTED_INCLUDE_IN_FRAMEWORK_HEADER = YES;
				CLANG_WARN_RANGE_LOOP_ANALYSIS = YES;
				CLANG_WARN_STRICT_PROTOTYPES = YES;
				CLANG_WARN_SUSPICIOUS_MOVE = YES;
				CLANG_WARN_UNGUARDED_AVAILABILITY = YES_AGGRESSIVE;
				CLANG_WARN_UNREACHABLE_CODE = YES;
				CLANG_WARN__DUPLICATE_METHOD_MATCH = YES;
				COPY_PHASE_STRIP = NO;
				DEBUG_INFORMATION_FORMAT = dwarf;
				ENABLE_STRICT_OBJC_MSGSEND = YES;
				ENABLE_TESTABILITY = YES;
				ENABLE_USER_SCRIPT_SANDBOXING = YES;
				GCC_C_LANGUAGE_STANDARD = gnu17;
				GCC_DYNAMIC_NO_PIC = NO;
				GCC_NO_COMMON_BLOCKS = YES;
				GCC_OPTIMIZATION_LEVEL = 0;
				GCC_PREPROCESSOR_DEFINITIONS = (
					"DEBUG=1",
					"$(inherited)",
				);
				GCC_WARN_64_TO_32_BIT_CONVERSION = YES;
				GCC_WARN_ABOUT_RETURN_TYPE = YES_ERROR;
				GCC_WARN_UNDECLARED_SELECTOR = YES;
				GCC_WARN_UNINITIALIZED_AUTOS = YES_AGGRESSIVE;
				GCC_WARN_UNUSED_FUNCTION = YES;
				GCC_WARN_UNUSED_VARIABLE = YES;
				LOCALIZATION_PREFERS_STRING_CATALOGS = YES;
				MTL_ENABLE_DEBUG_INFO = INCLUDE_SOURCE;
				MTL_FAST_MATH = YES;
				ONLY_ACTIVE_ARCH = YES;
				SWIFT_ACTIVE_COMPILATION_CONDITIONS = "DEBUG $(inherited)";
				SWIFT_OPTIMIZATION_LEVEL = "-Onone";
			};
			name = Debug;
		};
		A0D338B02C0B9B56009E9595 /* Release */ = {
			isa = XCBuildConfiguration;
			buildSettings = {
				ALWAYS_SEARCH_USER_PATHS = NO;
				ASSETCATALOG_COMPILER_GENERATE_SWIFT_ASSET_SYMBOL_EXTENSIONS = YES;
				CLANG_ANALYZER_NONNULL = YES;
				CLANG_ANALYZER_NUMBER_OBJECT_CONVERSION = YES_AGGRESSIVE;
				CLANG_CXX_LANGUAGE_STANDARD = "gnu++20";
				CLANG_ENABLE_MODULES = YES;
				CLANG_ENABLE_OBJC_ARC = YES;
				CLANG_ENABLE_OBJC_WEAK = YES;
				CLANG_WARN_BLOCK_CAPTURE_AUTORELEASING = YES;
				CLANG_WARN_BOOL_CONVERSION = YES;
				CLANG_WARN_COMMA = YES;
				CLANG_WARN_CONSTANT_CONVERSION = YES;
				CLANG_WARN_DEPRECATED_OBJC_IMPLEMENTATIONS = YES;
				CLANG_WARN_DIRECT_OBJC_ISA_USAGE = YES_ERROR;
				CLANG_WARN_DOCUMENTATION_COMMENTS = YES;
				CLANG_WARN_EMPTY_BODY = YES;
				CLANG_WARN_ENUM_CONVERSION = YES;
				CLANG_WARN_INFINITE_RECURSION = YES;
				CLANG_WARN_INT_CONVERSION = YES;
				CLANG_WARN_NON_LITERAL_NULL_CONVERSION = YES;
				CLANG_WARN_OBJC_IMPLICIT_RETAIN_SELF = YES;
				CLANG_WARN_OBJC_LITERAL_CONVERSION = YES;
				CLANG_WARN_OBJC_ROOT_CLASS = YES_ERROR;
				CLANG_WARN_QUOTED_INCLUDE_IN_FRAMEWORK_HEADER = YES;
				CLANG_WARN_RANGE_LOOP_ANALYSIS = YES;
				CLANG_WARN_STRICT_PROTOTYPES = YES;
				CLANG_WARN_SUSPICIOUS_MOVE = YES;
				CLANG_WARN_UNGUARDED_AVAILABILITY = YES_AGGRESSIVE;
				CLANG_WARN_UNREACHABLE_CODE = YES;
				CLANG_WARN__DUPLICATE_METHOD_MATCH = YES;
				COPY_PHASE_STRIP = NO;
				DEBUG_INFORMATION_FORMAT = "dwarf-with-dsym";
				ENABLE_NS_ASSERTIONS = NO;
				ENABLE_STRICT_OBJC_MSGSEND = YES;
				ENABLE_USER_SCRIPT_SANDBOXING = YES;
				GCC_C_LANGUAGE_STANDARD = gnu17;
				GCC_NO_COMMON_BLOCKS = YES;
				GCC_WARN_64_TO_32_BIT_CONVERSION = YES;
				GCC_WARN_ABOUT_RETURN_TYPE = YES_ERROR;
				GCC_WARN_UNDECLARED_SELECTOR = YES;
				GCC_WARN_UNINITIALIZED_AUTOS = YES_AGGRESSIVE;
				GCC_WARN_UNUSED_FUNCTION = YES;
				GCC_WARN_UNUSED_VARIABLE = YES;
				LOCALIZATION_PREFERS_STRING_CATALOGS = YES;
				MTL_ENABLE_DEBUG_INFO = NO;
				MTL_FAST_MATH = YES;
				SWIFT_COMPILATION_MODE = wholemodule;
			};
			name = Release;
		};
		A0D338B22C0B9B56009E9595 /* Debug */ = {
			isa = XCBuildConfiguration;
			buildSettings = {
				ASSETCATALOG_COMPILER_APPICON_NAME = AppIcon;
				ASSETCATALOG_COMPILER_GLOBAL_ACCENT_COLOR_NAME = AccentColor;
				CODE_SIGN_ENTITLEMENTS = "ASL-Vision/ASL_Vision.entitlements";
				CODE_SIGN_STYLE = Automatic;
				CURRENT_PROJECT_VERSION = 1;
				DEVELOPMENT_ASSET_PATHS = "\"ASL-Vision/Preview Content\"";
				DEVELOPMENT_TEAM = X3LVN9L2ZX;
				ENABLE_HARDENED_RUNTIME = YES;
				ENABLE_PREVIEWS = YES;
				GENERATE_INFOPLIST_FILE = YES;
				"INFOPLIST_KEY_UIApplicationSceneManifest_Generation[sdk=iphoneos*]" = YES;
				"INFOPLIST_KEY_UIApplicationSceneManifest_Generation[sdk=iphonesimulator*]" = YES;
				"INFOPLIST_KEY_UIApplicationSupportsIndirectInputEvents[sdk=iphoneos*]" = YES;
				"INFOPLIST_KEY_UIApplicationSupportsIndirectInputEvents[sdk=iphonesimulator*]" = YES;
				"INFOPLIST_KEY_UILaunchScreen_Generation[sdk=iphoneos*]" = YES;
				"INFOPLIST_KEY_UILaunchScreen_Generation[sdk=iphonesimulator*]" = YES;
				"INFOPLIST_KEY_UIStatusBarStyle[sdk=iphoneos*]" = UIStatusBarStyleDefault;
				"INFOPLIST_KEY_UIStatusBarStyle[sdk=iphonesimulator*]" = UIStatusBarStyleDefault;
				INFOPLIST_KEY_UISupportedInterfaceOrientations_iPad = "UIInterfaceOrientationPortrait UIInterfaceOrientationPortraitUpsideDown UIInterfaceOrientationLandscapeLeft UIInterfaceOrientationLandscapeRight";
				INFOPLIST_KEY_UISupportedInterfaceOrientations_iPhone = "UIInterfaceOrientationPortrait UIInterfaceOrientationLandscapeLeft UIInterfaceOrientationLandscapeRight";
				IPHONEOS_DEPLOYMENT_TARGET = 17.2;
				LD_RUNPATH_SEARCH_PATHS = "@executable_path/Frameworks";
				"LD_RUNPATH_SEARCH_PATHS[sdk=macosx*]" = "@executable_path/../Frameworks";
				MACOSX_DEPLOYMENT_TARGET = 14.1;
				MARKETING_VERSION = 1.0;
				PRODUCT_BUNDLE_IDENTIFIER = "Karan.ASL-Vision";
				PRODUCT_NAME = "$(TARGET_NAME)";
				SDKROOT = auto;
				SUPPORTED_PLATFORMS = "iphoneos iphonesimulator macosx xros xrsimulator";
				SUPPORTS_MACCATALYST = NO;
				SWIFT_EMIT_LOC_STRINGS = YES;
				SWIFT_VERSION = 5.0;
				TARGETED_DEVICE_FAMILY = "1,2,7";
			};
			name = Debug;
		};
		A0D338B32C0B9B56009E9595 /* Release */ = {
			isa = XCBuildConfiguration;
			buildSettings = {
				ASSETCATALOG_COMPILER_APPICON_NAME = AppIcon;
				ASSETCATALOG_COMPILER_GLOBAL_ACCENT_COLOR_NAME = AccentColor;
				CODE_SIGN_ENTITLEMENTS = "ASL-Vision/ASL_Vision.entitlements";
				CODE_SIGN_STYLE = Automatic;
				CURRENT_PROJECT_VERSION = 1;
				DEVELOPMENT_ASSET_PATHS = "\"ASL-Vision/Preview Content\"";
				DEVELOPMENT_TEAM = X3LVN9L2ZX;
				ENABLE_HARDENED_RUNTIME = YES;
				ENABLE_PREVIEWS = YES;
				GENERATE_INFOPLIST_FILE = YES;
				"INFOPLIST_KEY_UIApplicationSceneManifest_Generation[sdk=iphoneos*]" = YES;
				"INFOPLIST_KEY_UIApplicationSceneManifest_Generation[sdk=iphonesimulator*]" = YES;
				"INFOPLIST_KEY_UIApplicationSupportsIndirectInputEvents[sdk=iphoneos*]" = YES;
				"INFOPLIST_KEY_UIApplicationSupportsIndirectInputEvents[sdk=iphonesimulator*]" = YES;
				"INFOPLIST_KEY_UILaunchScreen_Generation[sdk=iphoneos*]" = YES;
				"INFOPLIST_KEY_UILaunchScreen_Generation[sdk=iphonesimulator*]" = YES;
				"INFOPLIST_KEY_UIStatusBarStyle[sdk=iphoneos*]" = UIStatusBarStyleDefault;
				"INFOPLIST_KEY_UIStatusBarStyle[sdk=iphonesimulator*]" = UIStatusBarStyleDefault;
				INFOPLIST_KEY_UISupportedInterfaceOrientations_iPad = "UIInterfaceOrientationPortrait UIInterfaceOrientationPortraitUpsideDown UIInterfaceOrientationLandscapeLeft UIInterfaceOrientationLandscapeRight";
				INFOPLIST_KEY_UISupportedInterfaceOrientations_iPhone = "UIInterfaceOrientationPortrait UIInterfaceOrientationLandscapeLeft UIInterfaceOrientationLandscapeRight";
				IPHONEOS_DEPLOYMENT_TARGET = 17.2;
				LD_RUNPATH_SEARCH_PATHS = "@executable_path/Frameworks";
				"LD_RUNPATH_SEARCH_PATHS[sdk=macosx*]" = "@executable_path/../Frameworks";
				MACOSX_DEPLOYMENT_TARGET = 14.1;
				MARKETING_VERSION = 1.0;
				PRODUCT_BUNDLE_IDENTIFIER = "Karan.ASL-Vision";
				PRODUCT_NAME = "$(TARGET_NAME)";
				SDKROOT = auto;
				SUPPORTED_PLATFORMS = "iphoneos iphonesimulator macosx xros xrsimulator";
				SUPPORTS_MACCATALYST = NO;
				SWIFT_EMIT_LOC_STRINGS = YES;
				SWIFT_VERSION = 5.0;
				TARGETED_DEVICE_FAMILY = "1,2,7";
			};
			name = Release;
		};
		A0D338B52C0B9B56009E9595 /* Debug */ = {
			isa = XCBuildConfiguration;
			buildSettings = {
				ALWAYS_EMBED_SWIFT_STANDARD_LIBRARIES = YES;
				BUNDLE_LOADER = "$(TEST_HOST)";
				CODE_SIGN_STYLE = Automatic;
				CURRENT_PROJECT_VERSION = 1;
				DEVELOPMENT_TEAM = X3LVN9L2ZX;
				GENERATE_INFOPLIST_FILE = YES;
				IPHONEOS_DEPLOYMENT_TARGET = 17.2;
				MACOSX_DEPLOYMENT_TARGET = 14.1;
				MARKETING_VERSION = 1.0;
				PRODUCT_BUNDLE_IDENTIFIER = "Karan.ASL-VisionTests";
				PRODUCT_NAME = "$(TARGET_NAME)";
				SDKROOT = auto;
				SUPPORTED_PLATFORMS = "iphoneos iphonesimulator macosx";
				SWIFT_EMIT_LOC_STRINGS = NO;
				SWIFT_VERSION = 5.0;
				TARGETED_DEVICE_FAMILY = "1,2";
				TEST_HOST = "$(BUILT_PRODUCTS_DIR)/ASL-Vision.app/$(BUNDLE_EXECUTABLE_FOLDER_PATH)/ASL-Vision";
			};
			name = Debug;
		};
		A0D338B62C0B9B56009E9595 /* Release */ = {
			isa = XCBuildConfiguration;
			buildSettings = {
				ALWAYS_EMBED_SWIFT_STANDARD_LIBRARIES = YES;
				BUNDLE_LOADER = "$(TEST_HOST)";
				CODE_SIGN_STYLE = Automatic;
				CURRENT_PROJECT_VERSION = 1;
				DEVELOPMENT_TEAM = X3LVN9L2ZX;
				GENERATE_INFOPLIST_FILE = YES;
				IPHONEOS_DEPLOYMENT_TARGET = 17.2;
				MACOSX_DEPLOYMENT_TARGET = 14.1;
				MARKETING_VERSION = 1.0;
				PRODUCT_BUNDLE_IDENTIFIER = "Karan.ASL-VisionTests";
				PRODUCT_NAME = "$(TARGET_NAME)";
				SDKROOT = auto;
				SUPPORTED_PLATFORMS = "iphoneos iphonesimulator macosx";
				SWIFT_EMIT_LOC_STRINGS = NO;
				SWIFT_VERSION = 5.0;
				TARGETED_DEVICE_FAMILY = "1,2";
				TEST_HOST = "$(BUILT_PRODUCTS_DIR)/ASL-Vision.app/$(BUNDLE_EXECUTABLE_FOLDER_PATH)/ASL-Vision";
			};
			name = Release;
		};
		A0D338B82C0B9B56009E9595 /* Debug */ = {
			isa = XCBuildConfiguration;
			buildSettings = {
				ALWAYS_EMBED_SWIFT_STANDARD_LIBRARIES = YES;
				CODE_SIGN_STYLE = Automatic;
				CURRENT_PROJECT_VERSION = 1;
				DEVELOPMENT_TEAM = X3LVN9L2ZX;
				GENERATE_INFOPLIST_FILE = YES;
				IPHONEOS_DEPLOYMENT_TARGET = 17.2;
				MACOSX_DEPLOYMENT_TARGET = 14.1;
				MARKETING_VERSION = 1.0;
				PRODUCT_BUNDLE_IDENTIFIER = "Karan.ASL-VisionUITests";
				PRODUCT_NAME = "$(TARGET_NAME)";
				SDKROOT = auto;
				SUPPORTED_PLATFORMS = "iphoneos iphonesimulator macosx";
				SWIFT_EMIT_LOC_STRINGS = NO;
				SWIFT_VERSION = 5.0;
				TARGETED_DEVICE_FAMILY = "1,2";
				TEST_TARGET_NAME = "ASL-Vision";
			};
			name = Debug;
		};
		A0D338B92C0B9B56009E9595 /* Release */ = {
			isa = XCBuildConfiguration;
			buildSettings = {
				ALWAYS_EMBED_SWIFT_STANDARD_LIBRARIES = YES;
				CODE_SIGN_STYLE = Automatic;
				CURRENT_PROJECT_VERSION = 1;
				DEVELOPMENT_TEAM = X3LVN9L2ZX;
				GENERATE_INFOPLIST_FILE = YES;
				IPHONEOS_DEPLOYMENT_TARGET = 17.2;
				MACOSX_DEPLOYMENT_TARGET = 14.1;
				MARKETING_VERSION = 1.0;
				PRODUCT_BUNDLE_IDENTIFIER = "Karan.ASL-VisionUITests";
				PRODUCT_NAME = "$(TARGET_NAME)";
				SDKROOT = auto;
				SUPPORTED_PLATFORMS = "iphoneos iphonesimulator macosx";
				SWIFT_EMIT_LOC_STRINGS = NO;
				SWIFT_VERSION = 5.0;
				TARGETED_DEVICE_FAMILY = "1,2";
				TEST_TARGET_NAME = "ASL-Vision";
			};
			name = Release;
		};
/* End XCBuildConfiguration section */

/* Begin XCConfigurationList section */
		A0D338872C0B9B54009E9595 /* Build configuration list for PBXProject "ASL-Vision" */ = {
			isa = XCConfigurationList;
			buildConfigurations = (
				A0D338AF2C0B9B56009E9595 /* Debug */,
				A0D338B02C0B9B56009E9595 /* Release */,
			);
			defaultConfigurationIsVisible = 0;
			defaultConfigurationName = Release;
		};
		A0D338B12C0B9B56009E9595 /* Build configuration list for PBXNativeTarget "ASL-Vision" */ = {
			isa = XCConfigurationList;
			buildConfigurations = (
				A0D338B22C0B9B56009E9595 /* Debug */,
				A0D338B32C0B9B56009E9595 /* Release */,
			);
			defaultConfigurationIsVisible = 0;
			defaultConfigurationName = Release;
		};
		A0D338B42C0B9B56009E9595 /* Build configuration list for PBXNativeTarget "ASL-VisionTests" */ = {
			isa = XCConfigurationList;
			buildConfigurations = (
				A0D338B52C0B9B56009E9595 /* Debug */,
				A0D338B62C0B9B56009E9595 /* Release */,
			);
			defaultConfigurationIsVisible = 0;
			defaultConfigurationName = Release;
		};
		A0D338B72C0B9B56009E9595 /* Build configuration list for PBXNativeTarget "ASL-VisionUITests" */ = {
			isa = XCConfigurationList;
			buildConfigurations = (
				A0D338B82C0B9B56009E9595 /* Debug */,
				A0D338B92C0B9B56009E9595 /* Release */,
			);
			defaultConfigurationIsVisible = 0;
			defaultConfigurationName = Release;
		};
/* End XCConfigurationList section */
	};
	rootObject = A0D338842C0B9B54009E9595 /* Project object */;
}
